// !$*UTF8*$!
{
	archiveVersion = 1;
	classes = {
	};
	objectVersion = 56;
	objects = {

/* Begin PBXBuildFile section */
		446B99B32AE3AADE005EF4F1 /* RealityKitContent in Frameworks */ = {isa = PBXBuildFile; productRef = 446B99B22AE3AADE005EF4F1 /* RealityKitContent */; };
		446B99B52AE3AADE005EF4F1 /* WeatherApp.swift in Sources */ = {isa = PBXBuildFile; fileRef = 446B99B42AE3AADE005EF4F1 /* WeatherApp.swift */; };
		446B99BB2AE3AADE005EF4F1 /* ImageBasedLighting.skybox in Resources */ = {isa = PBXBuildFile; fileRef = 446B99BA2AE3AADE005EF4F1 /* ImageBasedLighting.skybox */; };
		446B99BD2AE3AADF005EF4F1 /* Assets.xcassets in Resources */ = {isa = PBXBuildFile; fileRef = 446B99BC2AE3AADF005EF4F1 /* Assets.xcassets */; };
		446B99C02AE3AADF005EF4F1 /* Preview Assets.xcassets in Resources */ = {isa = PBXBuildFile; fileRef = 446B99BF2AE3AADF005EF4F1 /* Preview Assets.xcassets */; };
		446B99CB2AE3AADF005EF4F1 /* WeatherTests.swift in Sources */ = {isa = PBXBuildFile; fileRef = 446B99CA2AE3AADF005EF4F1 /* WeatherTests.swift */; };
		446B99D52AE3B0D2005EF4F1 /* RainWindowView.swift in Sources */ = {isa = PBXBuildFile; fileRef = 446B99D42AE3B0D2005EF4F1 /* RainWindowView.swift */; };
		446B99D72AE3B28F005EF4F1 /* SnowWindowView.swift in Sources */ = {isa = PBXBuildFile; fileRef = 446B99D62AE3B28F005EF4F1 /* SnowWindowView.swift */; };
		446B99D92AE3B2F8005EF4F1 /* WeatherWindowView.swift in Sources */ = {isa = PBXBuildFile; fileRef = 446B99D82AE3B2F8005EF4F1 /* WeatherWindowView.swift */; };
		446B99DB2AE3B4CF005EF4F1 /* Rain.swift in Sources */ = {isa = PBXBuildFile; fileRef = 446B99DA2AE3B4CF005EF4F1 /* Rain.swift */; };
		446B99DD2AE3B51F005EF4F1 /* Snow.swift in Sources */ = {isa = PBXBuildFile; fileRef = 446B99DC2AE3B51F005EF4F1 /* Snow.swift */; };
		446B99DF2AE3B5C8005EF4F1 /* RainVolumeView.swift in Sources */ = {isa = PBXBuildFile; fileRef = 446B99DE2AE3B5C8005EF4F1 /* RainVolumeView.swift */; };
		446B99E12AE3B881005EF4F1 /* SkySpaceView.swift in Sources */ = {isa = PBXBuildFile; fileRef = 446B99E02AE3B881005EF4F1 /* SkySpaceView.swift */; };
		446B99E32AE3B9FF005EF4F1 /* SkyView.swift in Sources */ = {isa = PBXBuildFile; fileRef = 446B99E22AE3B9FF005EF4F1 /* SkyView.swift */; };
		446B99E52AE3BB4F005EF4F1 /* Sky.swift in Sources */ = {isa = PBXBuildFile; fileRef = 446B99E42AE3BB4F005EF4F1 /* Sky.swift */; };
		446B99E72AE41222005EF4F1 /* SnowVolumeView.swift in Sources */ = {isa = PBXBuildFile; fileRef = 446B99E62AE41222005EF4F1 /* SnowVolumeView.swift */; };
		446B99E92AE41305005EF4F1 /* WeatherVolumeView.swift in Sources */ = {isa = PBXBuildFile; fileRef = 446B99E82AE41305005EF4F1 /* WeatherVolumeView.swift */; };
/* End PBXBuildFile section */

/* Begin PBXContainerItemProxy section */
		446B99C72AE3AADF005EF4F1 /* PBXContainerItemProxy */ = {
			isa = PBXContainerItemProxy;
			containerPortal = 446B99A52AE3AADE005EF4F1 /* Project object */;
			proxyType = 1;
			remoteGlobalIDString = 446B99AC2AE3AADE005EF4F1;
			remoteInfo = Weather;
		};
/* End PBXContainerItemProxy section */

/* Begin PBXFileReference section */
		446B99AD2AE3AADE005EF4F1 /* Weather.app */ = {isa = PBXFileReference; explicitFileType = wrapper.application; includeInIndex = 0; path = Weather.app; sourceTree = BUILT_PRODUCTS_DIR; };
		446B99B12AE3AADE005EF4F1 /* RealityKitContent */ = {isa = PBXFileReference; lastKnownFileType = wrapper; path = RealityKitContent; sourceTree = "<group>"; };
		446B99B42AE3AADE005EF4F1 /* WeatherApp.swift */ = {isa = PBXFileReference; lastKnownFileType = sourcecode.swift; path = WeatherApp.swift; sourceTree = "<group>"; };
		446B99BA2AE3AADE005EF4F1 /* ImageBasedLighting.skybox */ = {isa = PBXFileReference; lastKnownFileType = file.skybox; path = ImageBasedLighting.skybox; sourceTree = "<group>"; };
		446B99BC2AE3AADF005EF4F1 /* Assets.xcassets */ = {isa = PBXFileReference; lastKnownFileType = folder.assetcatalog; path = Assets.xcassets; sourceTree = "<group>"; };
		446B99BF2AE3AADF005EF4F1 /* Preview Assets.xcassets */ = {isa = PBXFileReference; lastKnownFileType = folder.assetcatalog; path = "Preview Assets.xcassets"; sourceTree = "<group>"; };
		446B99C12AE3AADF005EF4F1 /* Info.plist */ = {isa = PBXFileReference; lastKnownFileType = text.plist.xml; path = Info.plist; sourceTree = "<group>"; };
		446B99C62AE3AADF005EF4F1 /* WeatherTests.xctest */ = {isa = PBXFileReference; explicitFileType = wrapper.cfbundle; includeInIndex = 0; path = WeatherTests.xctest; sourceTree = BUILT_PRODUCTS_DIR; };
		446B99CA2AE3AADF005EF4F1 /* WeatherTests.swift */ = {isa = PBXFileReference; lastKnownFileType = sourcecode.swift; path = WeatherTests.swift; sourceTree = "<group>"; };
		446B99D42AE3B0D2005EF4F1 /* RainWindowView.swift */ = {isa = PBXFileReference; lastKnownFileType = sourcecode.swift; path = RainWindowView.swift; sourceTree = "<group>"; };
		446B99D62AE3B28F005EF4F1 /* SnowWindowView.swift */ = {isa = PBXFileReference; lastKnownFileType = sourcecode.swift; path = SnowWindowView.swift; sourceTree = "<group>"; };
		446B99D82AE3B2F8005EF4F1 /* WeatherWindowView.swift */ = {isa = PBXFileReference; lastKnownFileType = sourcecode.swift; path = WeatherWindowView.swift; sourceTree = "<group>"; };
		446B99DA2AE3B4CF005EF4F1 /* Rain.swift */ = {isa = PBXFileReference; lastKnownFileType = sourcecode.swift; path = Rain.swift; sourceTree = "<group>"; };
		446B99DC2AE3B51F005EF4F1 /* Snow.swift */ = {isa = PBXFileReference; lastKnownFileType = sourcecode.swift; path = Snow.swift; sourceTree = "<group>"; };
		446B99DE2AE3B5C8005EF4F1 /* RainVolumeView.swift */ = {isa = PBXFileReference; lastKnownFileType = sourcecode.swift; path = RainVolumeView.swift; sourceTree = "<group>"; };
		446B99E02AE3B881005EF4F1 /* SkySpaceView.swift */ = {isa = PBXFileReference; lastKnownFileType = sourcecode.swift; path = SkySpaceView.swift; sourceTree = "<group>"; };
		446B99E22AE3B9FF005EF4F1 /* SkyView.swift */ = {isa = PBXFileReference; lastKnownFileType = sourcecode.swift; path = SkyView.swift; sourceTree = "<group>"; };
		446B99E42AE3BB4F005EF4F1 /* Sky.swift */ = {isa = PBXFileReference; lastKnownFileType = sourcecode.swift; path = Sky.swift; sourceTree = "<group>"; };
		446B99E62AE41222005EF4F1 /* SnowVolumeView.swift */ = {isa = PBXFileReference; lastKnownFileType = sourcecode.swift; path = SnowVolumeView.swift; sourceTree = "<group>"; };
		446B99E82AE41305005EF4F1 /* WeatherVolumeView.swift */ = {isa = PBXFileReference; lastKnownFileType = sourcecode.swift; path = WeatherVolumeView.swift; sourceTree = "<group>"; };
/* End PBXFileReference section */

/* Begin PBXFrameworksBuildPhase section */
		446B99AA2AE3AADE005EF4F1 /* Frameworks */ = {
			isa = PBXFrameworksBuildPhase;
			buildActionMask = 2147483647;
			files = (
				446B99B32AE3AADE005EF4F1 /* RealityKitContent in Frameworks */,
			);
			runOnlyForDeploymentPostprocessing = 0;
		};
		446B99C32AE3AADF005EF4F1 /* Frameworks */ = {
			isa = PBXFrameworksBuildPhase;
			buildActionMask = 2147483647;
			files = (
			);
			runOnlyForDeploymentPostprocessing = 0;
		};
/* End PBXFrameworksBuildPhase section */

/* Begin PBXGroup section */
		446B99A42AE3AADE005EF4F1 = {
			isa = PBXGroup;
			children = (
				446B99AF2AE3AADE005EF4F1 /* Weather */,
				446B99C92AE3AADF005EF4F1 /* WeatherTests */,
				446B99AE2AE3AADE005EF4F1 /* Products */,
			);
			sourceTree = "<group>";
		};
		446B99AE2AE3AADE005EF4F1 /* Products */ = {
			isa = PBXGroup;
			children = (
				446B99AD2AE3AADE005EF4F1 /* Weather.app */,
				446B99C62AE3AADF005EF4F1 /* WeatherTests.xctest */,
			);
			name = Products;
			sourceTree = "<group>";
		};
		446B99AF2AE3AADE005EF4F1 /* Weather */ = {
			isa = PBXGroup;
			children = (
				446B99ED2AE41368005EF4F1 /* 3DModel */,
				446B99EC2AE4134B005EF4F1 /* Space */,
				446B99EB2AE4133B005EF4F1 /* Volume */,
				446B99EA2AE41320005EF4F1 /* Window */,
				446B99B42AE3AADE005EF4F1 /* WeatherApp.swift */,
				446B99B02AE3AADE005EF4F1 /* Packages */,
				446B99BA2AE3AADE005EF4F1 /* ImageBasedLighting.skybox */,
				446B99BC2AE3AADF005EF4F1 /* Assets.xcassets */,
				446B99C12AE3AADF005EF4F1 /* Info.plist */,
				446B99BE2AE3AADF005EF4F1 /* Preview Content */,
			);
			path = Weather;
			sourceTree = "<group>";
		};
		446B99B02AE3AADE005EF4F1 /* Packages */ = {
			isa = PBXGroup;
			children = (
				446B99B12AE3AADE005EF4F1 /* RealityKitContent */,
			);
			path = Packages;
			sourceTree = "<group>";
		};
		446B99BE2AE3AADF005EF4F1 /* Preview Content */ = {
			isa = PBXGroup;
			children = (
				446B99BF2AE3AADF005EF4F1 /* Preview Assets.xcassets */,
			);
			path = "Preview Content";
			sourceTree = "<group>";
		};
		446B99C92AE3AADF005EF4F1 /* WeatherTests */ = {
			isa = PBXGroup;
			children = (
				446B99CA2AE3AADF005EF4F1 /* WeatherTests.swift */,
			);
			path = WeatherTests;
			sourceTree = "<group>";
		};
		446B99EA2AE41320005EF4F1 /* Window */ = {
			isa = PBXGroup;
			children = (
				446B99D42AE3B0D2005EF4F1 /* RainWindowView.swift */,
				446B99D62AE3B28F005EF4F1 /* SnowWindowView.swift */,
				446B99D82AE3B2F8005EF4F1 /* WeatherWindowView.swift */,
			);
			path = Window;
			sourceTree = "<group>";
		};
		446B99EB2AE4133B005EF4F1 /* Volume */ = {
			isa = PBXGroup;
			children = (
				446B99DE2AE3B5C8005EF4F1 /* RainVolumeView.swift */,
				446B99E82AE41305005EF4F1 /* WeatherVolumeView.swift */,
				446B99E62AE41222005EF4F1 /* SnowVolumeView.swift */,
			);
			path = Volume;
			sourceTree = "<group>";
		};
		446B99EC2AE4134B005EF4F1 /* Space */ = {
			isa = PBXGroup;
			children = (
				446B99E02AE3B881005EF4F1 /* SkySpaceView.swift */,
				446B99E22AE3B9FF005EF4F1 /* SkyView.swift */,
				446B99E42AE3BB4F005EF4F1 /* Sky.swift */,
			);
			path = Space;
			sourceTree = "<group>";
		};
		446B99ED2AE41368005EF4F1 /* 3DModel */ = {
			isa = PBXGroup;
			children = (
				446B99DA2AE3B4CF005EF4F1 /* Rain.swift */,
				446B99DC2AE3B51F005EF4F1 /* Snow.swift */,
			);
			path = 3DModel;
			sourceTree = "<group>";
		};
/* End PBXGroup section */

/* Begin PBXNativeTarget section */
		446B99AC2AE3AADE005EF4F1 /* Weather */ = {
			isa = PBXNativeTarget;
			buildConfigurationList = 446B99CE2AE3AADF005EF4F1 /* Build configuration list for PBXNativeTarget "Weather" */;
			buildPhases = (
				446B99A92AE3AADE005EF4F1 /* Sources */,
				446B99AA2AE3AADE005EF4F1 /* Frameworks */,
				446B99AB2AE3AADE005EF4F1 /* Resources */,
			);
			buildRules = (
			);
			dependencies = (
			);
			name = Weather;
			packageProductDependencies = (
				446B99B22AE3AADE005EF4F1 /* RealityKitContent */,
			);
			productName = Weather;
			productReference = 446B99AD2AE3AADE005EF4F1 /* Weather.app */;
			productType = "com.apple.product-type.application";
		};
		446B99C52AE3AADF005EF4F1 /* WeatherTests */ = {
			isa = PBXNativeTarget;
			buildConfigurationList = 446B99D12AE3AADF005EF4F1 /* Build configuration list for PBXNativeTarget "WeatherTests" */;
			buildPhases = (
				446B99C22AE3AADF005EF4F1 /* Sources */,
				446B99C32AE3AADF005EF4F1 /* Frameworks */,
				446B99C42AE3AADF005EF4F1 /* Resources */,
			);
			buildRules = (
			);
			dependencies = (
				446B99C82AE3AADF005EF4F1 /* PBXTargetDependency */,
			);
			name = WeatherTests;
			productName = WeatherTests;
			productReference = 446B99C62AE3AADF005EF4F1 /* WeatherTests.xctest */;
			productType = "com.apple.product-type.bundle.unit-test";
		};
/* End PBXNativeTarget section */

/* Begin PBXProject section */
		446B99A52AE3AADE005EF4F1 /* Project object */ = {
			isa = PBXProject;
			attributes = {
				BuildIndependentTargetsInParallel = 1;
				LastSwiftUpdateCheck = 1500;
				LastUpgradeCheck = 1500;
				TargetAttributes = {
					446B99AC2AE3AADE005EF4F1 = {
						CreatedOnToolsVersion = 15.0;
					};
					446B99C52AE3AADF005EF4F1 = {
						CreatedOnToolsVersion = 15.0;
						TestTargetID = 446B99AC2AE3AADE005EF4F1;
					};
				};
			};
			buildConfigurationList = 446B99A82AE3AADE005EF4F1 /* Build configuration list for PBXProject "Weather" */;
			compatibilityVersion = "Xcode 14.0";
			developmentRegion = en;
			hasScannedForEncodings = 0;
			knownRegions = (
				en,
				Base,
			);
			mainGroup = 446B99A42AE3AADE005EF4F1;
			productRefGroup = 446B99AE2AE3AADE005EF4F1 /* Products */;
			projectDirPath = "";
			projectRoot = "";
			targets = (
				446B99AC2AE3AADE005EF4F1 /* Weather */,
				446B99C52AE3AADF005EF4F1 /* WeatherTests */,
			);
		};
/* End PBXProject section */

/* Begin PBXResourcesBuildPhase section */
		446B99AB2AE3AADE005EF4F1 /* Resources */ = {
			isa = PBXResourcesBuildPhase;
			buildActionMask = 2147483647;
			files = (
				446B99BD2AE3AADF005EF4F1 /* Assets.xcassets in Resources */,
				446B99C02AE3AADF005EF4F1 /* Preview Assets.xcassets in Resources */,
				446B99BB2AE3AADE005EF4F1 /* ImageBasedLighting.skybox in Resources */,
			);
			runOnlyForDeploymentPostprocessing = 0;
		};
		446B99C42AE3AADF005EF4F1 /* Resources */ = {
			isa = PBXResourcesBuildPhase;
			buildActionMask = 2147483647;
			files = (
			);
			runOnlyForDeploymentPostprocessing = 0;
		};
/* End PBXResourcesBuildPhase section */

/* Begin PBXSourcesBuildPhase section */
		446B99A92AE3AADE005EF4F1 /* Sources */ = {
			isa = PBXSourcesBuildPhase;
			buildActionMask = 2147483647;
			files = (
				446B99D72AE3B28F005EF4F1 /* SnowWindowView.swift in Sources */,
				446B99D92AE3B2F8005EF4F1 /* WeatherWindowView.swift in Sources */,
				446B99D52AE3B0D2005EF4F1 /* RainWindowView.swift in Sources */,
				446B99E12AE3B881005EF4F1 /* SkySpaceView.swift in Sources */,
				446B99DF2AE3B5C8005EF4F1 /* RainVolumeView.swift in Sources */,
				446B99E52AE3BB4F005EF4F1 /* Sky.swift in Sources */,
				446B99DB2AE3B4CF005EF4F1 /* Rain.swift in Sources */,
				446B99E32AE3B9FF005EF4F1 /* SkyView.swift in Sources */,
				446B99DD2AE3B51F005EF4F1 /* Snow.swift in Sources */,
				446B99E92AE41305005EF4F1 /* WeatherVolumeView.swift in Sources */,
				446B99E72AE41222005EF4F1 /* SnowVolumeView.swift in Sources */,
				446B99B52AE3AADE005EF4F1 /* WeatherApp.swift in Sources */,
			);
			runOnlyForDeploymentPostprocessing = 0;
		};
		446B99C22AE3AADF005EF4F1 /* Sources */ = {
			isa = PBXSourcesBuildPhase;
			buildActionMask = 2147483647;
			files = (
				446B99CB2AE3AADF005EF4F1 /* WeatherTests.swift in Sources */,
			);
			runOnlyForDeploymentPostprocessing = 0;
		};
/* End PBXSourcesBuildPhase section */

/* Begin PBXTargetDependency section */
		446B99C82AE3AADF005EF4F1 /* PBXTargetDependency */ = {
			isa = PBXTargetDependency;
			target = 446B99AC2AE3AADE005EF4F1 /* Weather */;
			targetProxy = 446B99C72AE3AADF005EF4F1 /* PBXContainerItemProxy */;
		};
/* End PBXTargetDependency section */

/* Begin XCBuildConfiguration section */
		446B99CC2AE3AADF005EF4F1 /* Debug */ = {
			isa = XCBuildConfiguration;
			buildSettings = {
				ALWAYS_SEARCH_USER_PATHS = NO;
				ASSETCATALOG_COMPILER_GENERATE_SWIFT_ASSET_SYMBOL_EXTENSIONS = YES;
				CLANG_ANALYZER_NONNULL = YES;
				CLANG_ANALYZER_NUMBER_OBJECT_CONVERSION = YES_AGGRESSIVE;
				CLANG_CXX_LANGUAGE_STANDARD = "gnu++20";
				CLANG_ENABLE_MODULES = YES;
				CLANG_ENABLE_OBJC_ARC = YES;
				CLANG_ENABLE_OBJC_WEAK = YES;
				CLANG_WARN_BLOCK_CAPTURE_AUTORELEASING = YES;
				CLANG_WARN_BOOL_CONVERSION = YES;
				CLANG_WARN_COMMA = YES;
				CLANG_WARN_CONSTANT_CONVERSION = YES;
				CLANG_WARN_DEPRECATED_OBJC_IMPLEMENTATIONS = YES;
				CLANG_WARN_DIRECT_OBJC_ISA_USAGE = YES_ERROR;
				CLANG_WARN_DOCUMENTATION_COMMENTS = YES;
				CLANG_WARN_EMPTY_BODY = YES;
				CLANG_WARN_ENUM_CONVERSION = YES;
				CLANG_WARN_INFINITE_RECURSION = YES;
				CLANG_WARN_INT_CONVERSION = YES;
				CLANG_WARN_NON_LITERAL_NULL_CONVERSION = YES;
				CLANG_WARN_OBJC_IMPLICIT_RETAIN_SELF = YES;
				CLANG_WARN_OBJC_LITERAL_CONVERSION = YES;
				CLANG_WARN_OBJC_ROOT_CLASS = YES_ERROR;
				CLANG_WARN_QUOTED_INCLUDE_IN_FRAMEWORK_HEADER = YES;
				CLANG_WARN_RANGE_LOOP_ANALYSIS = YES;
				CLANG_WARN_STRICT_PROTOTYPES = YES;
				CLANG_WARN_SUSPICIOUS_MOVE = YES;
				CLANG_WARN_UNGUARDED_AVAILABILITY = YES_AGGRESSIVE;
				CLANG_WARN_UNREACHABLE_CODE = YES;
				CLANG_WARN__DUPLICATE_METHOD_MATCH = YES;
				COPY_PHASE_STRIP = NO;
				DEBUG_INFORMATION_FORMAT = dwarf;
				ENABLE_STRICT_OBJC_MSGSEND = YES;
				ENABLE_TESTABILITY = YES;
				ENABLE_USER_SCRIPT_SANDBOXING = YES;
				GCC_C_LANGUAGE_STANDARD = gnu17;
				GCC_DYNAMIC_NO_PIC = NO;
				GCC_NO_COMMON_BLOCKS = YES;
				GCC_OPTIMIZATION_LEVEL = 0;
				GCC_PREPROCESSOR_DEFINITIONS = (
					"DEBUG=1",
					"$(inherited)",
				);
				GCC_WARN_64_TO_32_BIT_CONVERSION = YES;
				GCC_WARN_ABOUT_RETURN_TYPE = YES_ERROR;
				GCC_WARN_UNDECLARED_SELECTOR = YES;
				GCC_WARN_UNINITIALIZED_AUTOS = YES_AGGRESSIVE;
				GCC_WARN_UNUSED_FUNCTION = YES;
				GCC_WARN_UNUSED_VARIABLE = YES;
				LOCALIZATION_PREFERS_STRING_CATALOGS = YES;
				MTL_ENABLE_DEBUG_INFO = INCLUDE_SOURCE;
				MTL_FAST_MATH = YES;
				ONLY_ACTIVE_ARCH = YES;
				SDKROOT = xros;
				SWIFT_ACTIVE_COMPILATION_CONDITIONS = "DEBUG $(inherited)";
				SWIFT_OPTIMIZATION_LEVEL = "-Onone";
				XROS_DEPLOYMENT_TARGET = 1.0;
			};
			name = Debug;
		};
		446B99CD2AE3AADF005EF4F1 /* Release */ = {
			isa = XCBuildConfiguration;
			buildSettings = {
				ALWAYS_SEARCH_USER_PATHS = NO;
				ASSETCATALOG_COMPILER_GENERATE_SWIFT_ASSET_SYMBOL_EXTENSIONS = YES;
				CLANG_ANALYZER_NONNULL = YES;
				CLANG_ANALYZER_NUMBER_OBJECT_CONVERSION = YES_AGGRESSIVE;
				CLANG_CXX_LANGUAGE_STANDARD = "gnu++20";
				CLANG_ENABLE_MODULES = YES;
				CLANG_ENABLE_OBJC_ARC = YES;
				CLANG_ENABLE_OBJC_WEAK = YES;
				CLANG_WARN_BLOCK_CAPTURE_AUTORELEASING = YES;
				CLANG_WARN_BOOL_CONVERSION = YES;
				CLANG_WARN_COMMA = YES;
				CLANG_WARN_CONSTANT_CONVERSION = YES;
				CLANG_WARN_DEPRECATED_OBJC_IMPLEMENTATIONS = YES;
				CLANG_WARN_DIRECT_OBJC_ISA_USAGE = YES_ERROR;
				CLANG_WARN_DOCUMENTATION_COMMENTS = YES;
				CLANG_WARN_EMPTY_BODY = YES;
				CLANG_WARN_ENUM_CONVERSION = YES;
				CLANG_WARN_INFINITE_RECURSION = YES;
				CLANG_WARN_INT_CONVERSION = YES;
				CLANG_WARN_NON_LITERAL_NULL_CONVERSION = YES;
				CLANG_WARN_OBJC_IMPLICIT_RETAIN_SELF = YES;
				CLANG_WARN_OBJC_LITERAL_CONVERSION = YES;
				CLANG_WARN_OBJC_ROOT_CLASS = YES_ERROR;
				CLANG_WARN_QUOTED_INCLUDE_IN_FRAMEWORK_HEADER = YES;
				CLANG_WARN_RANGE_LOOP_ANALYSIS = YES;
				CLANG_WARN_STRICT_PROTOTYPES = YES;
				CLANG_WARN_SUSPICIOUS_MOVE = YES;
				CLANG_WARN_UNGUARDED_AVAILABILITY = YES_AGGRESSIVE;
				CLANG_WARN_UNREACHABLE_CODE = YES;
				CLANG_WARN__DUPLICATE_METHOD_MATCH = YES;
				COPY_PHASE_STRIP = NO;
				DEBUG_INFORMATION_FORMAT = "dwarf-with-dsym";
				ENABLE_NS_ASSERTIONS = NO;
				ENABLE_STRICT_OBJC_MSGSEND = YES;
				ENABLE_USER_SCRIPT_SANDBOXING = YES;
				GCC_C_LANGUAGE_STANDARD = gnu17;
				GCC_NO_COMMON_BLOCKS = YES;
				GCC_WARN_64_TO_32_BIT_CONVERSION = YES;
				GCC_WARN_ABOUT_RETURN_TYPE = YES_ERROR;
				GCC_WARN_UNDECLARED_SELECTOR = YES;
				GCC_WARN_UNINITIALIZED_AUTOS = YES_AGGRESSIVE;
				GCC_WARN_UNUSED_FUNCTION = YES;
				GCC_WARN_UNUSED_VARIABLE = YES;
				LOCALIZATION_PREFERS_STRING_CATALOGS = YES;
				MTL_ENABLE_DEBUG_INFO = NO;
				MTL_FAST_MATH = YES;
				SDKROOT = xros;
				SWIFT_COMPILATION_MODE = wholemodule;
				VALIDATE_PRODUCT = YES;
				XROS_DEPLOYMENT_TARGET = 1.0;
			};
			name = Release;
		};
		446B99CF2AE3AADF005EF4F1 /* Debug */ = {
			isa = XCBuildConfiguration;
			buildSettings = {
				ASSETCATALOG_COMPILER_APPICON_NAME = AppIcon;
				ASSETCATALOG_COMPILER_GLOBAL_ACCENT_COLOR_NAME = AccentColor;
				CODE_SIGN_STYLE = Automatic;
				CURRENT_PROJECT_VERSION = 1;
				DEVELOPMENT_ASSET_PATHS = "\"Weather/Preview Content\"";
				DEVELOPMENT_TEAM = 6S2SA26VAN;
				ENABLE_PREVIEWS = YES;
				GENERATE_INFOPLIST_FILE = YES;
				INFOPLIST_FILE = "$(TARGET_NAME)/Info.plist";
				LD_RUNPATH_SEARCH_PATHS = (
					"$(inherited)",
					"@executable_path/Frameworks",
				);
				MARKETING_VERSION = 1.0;
				PRODUCT_BUNDLE_IDENTIFIER = com.bgsmm.test.Weather;
				PRODUCT_NAME = "$(TARGET_NAME)";
				SUPPORTED_PLATFORMS = "xros xrsimulator";
				SWIFT_EMIT_LOC_STRINGS = YES;
				SWIFT_VERSION = 5.0;
				TARGETED_DEVICE_FAMILY = "1,2,7";
			};
			name = Debug;
		};
		446B99D02AE3AADF005EF4F1 /* Release */ = {
			isa = XCBuildConfiguration;
			buildSettings = {
				ASSETCATALOG_COMPILER_APPICON_NAME = AppIcon;
				ASSETCATALOG_COMPILER_GLOBAL_ACCENT_COLOR_NAME = AccentColor;
				CODE_SIGN_STYLE = Automatic;
				CURRENT_PROJECT_VERSION = 1;
				DEVELOPMENT_ASSET_PATHS = "\"Weather/Preview Content\"";
				DEVELOPMENT_TEAM = 6S2SA26VAN;
				ENABLE_PREVIEWS = YES;
				GENERATE_INFOPLIST_FILE = YES;
				INFOPLIST_FILE = "$(TARGET_NAME)/Info.plist";
				LD_RUNPATH_SEARCH_PATHS = (
					"$(inherited)",
					"@executable_path/Frameworks",
				);
				MARKETING_VERSION = 1.0;
				PRODUCT_BUNDLE_IDENTIFIER = com.bgsmm.test.Weather;
				PRODUCT_NAME = "$(TARGET_NAME)";
				SUPPORTED_PLATFORMS = "xros xrsimulator";
				SWIFT_EMIT_LOC_STRINGS = YES;
				SWIFT_VERSION = 5.0;
				TARGETED_DEVICE_FAMILY = "1,2,7";
			};
			name = Release;
		};
		446B99D22AE3AADF005EF4F1 /* Debug */ = {
			isa = XCBuildConfiguration;
			buildSettings = {
				ALWAYS_EMBED_SWIFT_STANDARD_LIBRARIES = YES;
				BUNDLE_LOADER = "$(TEST_HOST)";
				CODE_SIGN_STYLE = Automatic;
				CURRENT_PROJECT_VERSION = 1;
				DEVELOPMENT_TEAM = 6S2SA26VAN;
				GENERATE_INFOPLIST_FILE = YES;
				MARKETING_VERSION = 1.0;
				PRODUCT_BUNDLE_IDENTIFIER = com.bgsmm.test.WeatherTests;
				PRODUCT_NAME = "$(TARGET_NAME)";
				SUPPORTED_PLATFORMS = "xros xrsimulator";
				SWIFT_EMIT_LOC_STRINGS = NO;
				SWIFT_VERSION = 5.0;
				TARGETED_DEVICE_FAMILY = "1,2,7";
				TEST_HOST = "$(BUILT_PRODUCTS_DIR)/Weather.app/$(BUNDLE_EXECUTABLE_FOLDER_PATH)/Weather";
				XROS_DEPLOYMENT_TARGET = 1.0;
			};
			name = Debug;
		};
		446B99D32AE3AADF005EF4F1 /* Release */ = {
			isa = XCBuildConfiguration;
			buildSettings = {
				ALWAYS_EMBED_SWIFT_STANDARD_LIBRARIES = YES;
				BUNDLE_LOADER = "$(TEST_HOST)";
				CODE_SIGN_STYLE = Automatic;
				CURRENT_PROJECT_VERSION = 1;
				DEVELOPMENT_TEAM = 6S2SA26VAN;
				GENERATE_INFOPLIST_FILE = YES;
				MARKETING_VERSION = 1.0;
				PRODUCT_BUNDLE_IDENTIFIER = com.bgsmm.test.WeatherTests;
				PRODUCT_NAME = "$(TARGET_NAME)";
				SUPPORTED_PLATFORMS = "xros xrsimulator";
				SWIFT_EMIT_LOC_STRINGS = NO;
				SWIFT_VERSION = 5.0;
				TARGETED_DEVICE_FAMILY = "1,2,7";
				TEST_HOST = "$(BUILT_PRODUCTS_DIR)/Weather.app/$(BUNDLE_EXECUTABLE_FOLDER_PATH)/Weather";
				XROS_DEPLOYMENT_TARGET = 1.0;
			};
			name = Release;
		};
/* End XCBuildConfiguration section */

/* Begin XCConfigurationList section */
		446B99A82AE3AADE005EF4F1 /* Build configuration list for PBXProject "Weather" */ = {
			isa = XCConfigurationList;
			buildConfigurations = (
				446B99CC2AE3AADF005EF4F1 /* Debug */,
				446B99CD2AE3AADF005EF4F1 /* Release */,
			);
			defaultConfigurationIsVisible = 0;
			defaultConfigurationName = Release;
		};
		446B99CE2AE3AADF005EF4F1 /* Build configuration list for PBXNativeTarget "Weather" */ = {
			isa = XCConfigurationList;
			buildConfigurations = (
				446B99CF2AE3AADF005EF4F1 /* Debug */,
				446B99D02AE3AADF005EF4F1 /* Release */,
			);
			defaultConfigurationIsVisible = 0;
			defaultConfigurationName = Release;
		};
		446B99D12AE3AADF005EF4F1 /* Build configuration list for PBXNativeTarget "WeatherTests" */ = {
			isa = XCConfigurationList;
			buildConfigurations = (
				446B99D22AE3AADF005EF4F1 /* Debug */,
				446B99D32AE3AADF005EF4F1 /* Release */,
			);
			defaultConfigurationIsVisible = 0;
			defaultConfigurationName = Release;
		};
/* End XCConfigurationList section */

/* Begin XCSwiftPackageProductDependency section */
		446B99B22AE3AADE005EF4F1 /* RealityKitContent */ = {
			isa = XCSwiftPackageProductDependency;
			productName = RealityKitContent;
		};
/* End XCSwiftPackageProductDependency section */
	};
	rootObject = 446B99A52AE3AADE005EF4F1 /* Project object */;
}
